
Microsoft Visual Studio Solution File, Format Version 12.00
# Visual Studio 14
VisualStudioVersion = 14.0.24720.0
MinimumVisualStudioVersion = 10.0.40219.1
Project("{FAE04EC0-301F-11D3-BF4B-00C04F79EFBC}") = "Odin", "Odin\Odin.csproj", "{D5065F1F-84DF-4669-A6BF-7FC92F9CDB4F}"
EndProject
Project("{FAE04EC0-301F-11D3-BF4B-00C04F79EFBC}") = "Odin.Tests", "Odin.Tests\Odin.Tests.csproj", "{FE28E9E3-2E45-441A-83A0-F2F8232F8300}"
EndProject
Project("{2150E333-8FDC-42A3-9474-1A3956D46DE8}") = "Solution Items", "Solution Items", "{CF6EA4A4-9A4C-4F08-93F0-6079A7E2F548}"
	ProjectSection(SolutionItems) = preProject
		appveyor.yml = appveyor.yml
		Odin-Commands.nuspec = Odin-Commands.nuspec
		README.md = README.md
		TODO.md = TODO.md
	EndProjectSection
EndProject
Project("{FAE04EC0-301F-11D3-BF4B-00C04F79EFBC}") = "Odin.Demo", "Odin.Demo\Odin.Demo.csproj", "{F3682E22-F249-40F5-922A-9758ACF6E3FE}"
EndProject
Global
	GlobalSection(SolutionConfigurationPlatforms) = preSolution
		Debug|Any CPU = Debug|Any CPU
		Release|Any CPU = Release|Any CPU
	EndGlobalSection
	GlobalSection(ProjectConfigurationPlatforms) = postSolution
		{D5065F1F-84DF-4669-A6BF-7FC92F9CDB4F}.Debug|Any CPU.ActiveCfg = Debug|Any CPU
		{D5065F1F-84DF-4669-A6BF-7FC92F9CDB4F}.Debug|Any CPU.Build.0 = Debug|Any CPU
		{D5065F1F-84DF-4669-A6BF-7FC92F9CDB4F}.Release|Any CPU.ActiveCfg = Release|Any CPU
		{D5065F1F-84DF-4669-A6BF-7FC92F9CDB4F}.Release|Any CPU.Build.0 = Release|Any CPU
		{FE28E9E3-2E45-441A-83A0-F2F8232F8300}.Debug|Any CPU.ActiveCfg = Debug|Any CPU
		{FE28E9E3-2E45-441A-83A0-F2F8232F8300}.Debug|Any CPU.Build.0 = Debug|Any CPU
		{FE28E9E3-2E45-441A-83A0-F2F8232F8300}.Release|Any CPU.ActiveCfg = Release|Any CPU
		{FE28E9E3-2E45-441A-83A0-F2F8232F8300}.Release|Any CPU.Build.0 = Release|Any CPU
		{F3682E22-F249-40F5-922A-9758ACF6E3FE}.Debug|Any CPU.ActiveCfg = Debug|Any CPU
		{F3682E22-F249-40F5-922A-9758ACF6E3FE}.Debug|Any CPU.Build.0 = Debug|Any CPU
		{F3682E22-F249-40F5-922A-9758ACF6E3FE}.Release|Any CPU.ActiveCfg = Release|Any CPU
		{F3682E22-F249-40F5-922A-9758ACF6E3FE}.Release|Any CPU.Build.0 = Release|Any CPU
	EndGlobalSection
	GlobalSection(SolutionProperties) = preSolution
		HideSolutionNode = FALSE
	EndGlobalSection
EndGlobal
